
Microsoft Visual Studio Solution File, Format Version 12.00
# Visual Studio 14
VisualStudioVersion = 14.0.23107.0
MinimumVisualStudioVersion = 10.0.40219.1
Project("{FAE04EC0-301F-11D3-BF4B-00C04F79EFBC}") = "2-01", "2-01\2-01.csproj", "{EC82259D-C189-4E6D-AC75-2702E4E6E87C}"
EndProject
Project("{FAE04EC0-301F-11D3-BF4B-00C04F79EFBC}") = "2-02", "2-02\2-02.csproj", "{4F490CD9-1502-4C11-B0CE-B43B549E38AD}"
EndProject
Global
	GlobalSection(SolutionConfigurationPlatforms) = preSolution
		Debug|Any CPU = Debug|Any CPU
		Release|Any CPU = Release|Any CPU
	EndGlobalSection
	GlobalSection(ProjectConfigurationPlatforms) = postSolution
		{EC82259D-C189-4E6D-AC75-2702E4E6E87C}.Debug|Any CPU.ActiveCfg = Debug|Any CPU
		{EC82259D-C189-4E6D-AC75-2702E4E6E87C}.Debug|Any CPU.Build.0 = Debug|Any CPU
		{EC82259D-C189-4E6D-AC75-2702E4E6E87C}.Release|Any CPU.ActiveCfg = Release|Any CPU
		{EC82259D-C189-4E6D-AC75-2702E4E6E87C}.Release|Any CPU.Build.0 = Release|Any CPU
		{4F490CD9-1502-4C11-B0CE-B43B549E38AD}.Debug|Any CPU.ActiveCfg = Debug|Any CPU
		{4F490CD9-1502-4C11-B0CE-B43B549E38AD}.Debug|Any CPU.Build.0 = Debug|Any CPU
		{4F490CD9-1502-4C11-B0CE-B43B549E38AD}.Release|Any CPU.ActiveCfg = Release|Any CPU
		{4F490CD9-1502-4C11-B0CE-B43B549E38AD}.Release|Any CPU.Build.0 = Release|Any CPU
	EndGlobalSection
	GlobalSection(SolutionProperties) = preSolution
		HideSolutionNode = FALSE
	EndGlobalSection
EndGlobal
