
Microsoft Visual Studio Solution File, Format Version 12.00
# Visual Studio 14
VisualStudioVersion = 14.0.23107.0
MinimumVisualStudioVersion = 10.0.40219.1
Project("{FAE04EC0-301F-11D3-BF4B-00C04F79EFBC}") = "2-01", "2-01\2-01.csproj", "{EC82259D-C189-4E6D-AC75-2702E4E6E87C}"
EndProject
Project("{FAE04EC0-301F-11D3-BF4B-00C04F79EFBC}") = "2-02", "2-02\2-02.csproj", "{4F490CD9-1502-4C11-B0CE-B43B549E38AD}"
EndProject
Project("{FAE04EC0-301F-11D3-BF4B-00C04F79EFBC}") = "2-03", "2-03\2-03.csproj", "{545B1E06-DB31-4CFC-AC80-43B1169296D2}"
EndProject
Project("{FAE04EC0-301F-11D3-BF4B-00C04F79EFBC}") = "2-04", "2-04\2-04.csproj", "{7BEA39DC-DDDC-4961-84D3-F0FB76F1D0CF}"
EndProject
Project("{FAE04EC0-301F-11D3-BF4B-00C04F79EFBC}") = "2-05", "2-05\2-05.csproj", "{A4F9C205-1066-4CC5-81DE-2852D03E6345}"
EndProject
Project("{FAE04EC0-301F-11D3-BF4B-00C04F79EFBC}") = "2-06", "2-06\2-06.csproj", "{C59AB452-BDAA-41B7-ACF7-DABAF4F9C4F4}"
EndProject
Project("{FAE04EC0-301F-11D3-BF4B-00C04F79EFBC}") = "2-07", "2-07\2-07.csproj", "{C8FBD5A2-A349-450B-B7C4-763EC6A7030F}"
EndProject
Project("{FAE04EC0-301F-11D3-BF4B-00C04F79EFBC}") = "2-08", "2-08\2-08.csproj", "{E83EECEB-B5F2-44ED-AE90-EEC6E880F00C}"
EndProject
Global
	GlobalSection(SolutionConfigurationPlatforms) = preSolution
		Debug|Any CPU = Debug|Any CPU
		Release|Any CPU = Release|Any CPU
	EndGlobalSection
	GlobalSection(ProjectConfigurationPlatforms) = postSolution
		{EC82259D-C189-4E6D-AC75-2702E4E6E87C}.Debug|Any CPU.ActiveCfg = Debug|Any CPU
		{EC82259D-C189-4E6D-AC75-2702E4E6E87C}.Debug|Any CPU.Build.0 = Debug|Any CPU
		{EC82259D-C189-4E6D-AC75-2702E4E6E87C}.Release|Any CPU.ActiveCfg = Release|Any CPU
		{EC82259D-C189-4E6D-AC75-2702E4E6E87C}.Release|Any CPU.Build.0 = Release|Any CPU
		{4F490CD9-1502-4C11-B0CE-B43B549E38AD}.Debug|Any CPU.ActiveCfg = Debug|Any CPU
		{4F490CD9-1502-4C11-B0CE-B43B549E38AD}.Debug|Any CPU.Build.0 = Debug|Any CPU
		{4F490CD9-1502-4C11-B0CE-B43B549E38AD}.Release|Any CPU.ActiveCfg = Release|Any CPU
		{4F490CD9-1502-4C11-B0CE-B43B549E38AD}.Release|Any CPU.Build.0 = Release|Any CPU
		{545B1E06-DB31-4CFC-AC80-43B1169296D2}.Debug|Any CPU.ActiveCfg = Debug|Any CPU
		{545B1E06-DB31-4CFC-AC80-43B1169296D2}.Debug|Any CPU.Build.0 = Debug|Any CPU
		{545B1E06-DB31-4CFC-AC80-43B1169296D2}.Release|Any CPU.ActiveCfg = Release|Any CPU
		{545B1E06-DB31-4CFC-AC80-43B1169296D2}.Release|Any CPU.Build.0 = Release|Any CPU
		{7BEA39DC-DDDC-4961-84D3-F0FB76F1D0CF}.Debug|Any CPU.ActiveCfg = Debug|Any CPU
		{7BEA39DC-DDDC-4961-84D3-F0FB76F1D0CF}.Debug|Any CPU.Build.0 = Debug|Any CPU
		{7BEA39DC-DDDC-4961-84D3-F0FB76F1D0CF}.Release|Any CPU.ActiveCfg = Release|Any CPU
		{7BEA39DC-DDDC-4961-84D3-F0FB76F1D0CF}.Release|Any CPU.Build.0 = Release|Any CPU
		{A4F9C205-1066-4CC5-81DE-2852D03E6345}.Debug|Any CPU.ActiveCfg = Debug|Any CPU
		{A4F9C205-1066-4CC5-81DE-2852D03E6345}.Debug|Any CPU.Build.0 = Debug|Any CPU
		{A4F9C205-1066-4CC5-81DE-2852D03E6345}.Release|Any CPU.ActiveCfg = Release|Any CPU
		{A4F9C205-1066-4CC5-81DE-2852D03E6345}.Release|Any CPU.Build.0 = Release|Any CPU
		{C59AB452-BDAA-41B7-ACF7-DABAF4F9C4F4}.Debug|Any CPU.ActiveCfg = Debug|Any CPU
		{C59AB452-BDAA-41B7-ACF7-DABAF4F9C4F4}.Debug|Any CPU.Build.0 = Debug|Any CPU
		{C59AB452-BDAA-41B7-ACF7-DABAF4F9C4F4}.Release|Any CPU.ActiveCfg = Release|Any CPU
		{C59AB452-BDAA-41B7-ACF7-DABAF4F9C4F4}.Release|Any CPU.Build.0 = Release|Any CPU
		{C8FBD5A2-A349-450B-B7C4-763EC6A7030F}.Debug|Any CPU.ActiveCfg = Debug|Any CPU
		{C8FBD5A2-A349-450B-B7C4-763EC6A7030F}.Debug|Any CPU.Build.0 = Debug|Any CPU
		{C8FBD5A2-A349-450B-B7C4-763EC6A7030F}.Release|Any CPU.ActiveCfg = Release|Any CPU
		{C8FBD5A2-A349-450B-B7C4-763EC6A7030F}.Release|Any CPU.Build.0 = Release|Any CPU
		{E83EECEB-B5F2-44ED-AE90-EEC6E880F00C}.Debug|Any CPU.ActiveCfg = Debug|Any CPU
		{E83EECEB-B5F2-44ED-AE90-EEC6E880F00C}.Debug|Any CPU.Build.0 = Debug|Any CPU
		{E83EECEB-B5F2-44ED-AE90-EEC6E880F00C}.Release|Any CPU.ActiveCfg = Release|Any CPU
		{E83EECEB-B5F2-44ED-AE90-EEC6E880F00C}.Release|Any CPU.Build.0 = Release|Any CPU
	EndGlobalSection
	GlobalSection(SolutionProperties) = preSolution
		HideSolutionNode = FALSE
	EndGlobalSection
EndGlobal
